
Microsoft Visual Studio Solution File, Format Version 12.00
# Visual Studio 2012
Project("{FAE04EC0-301F-11D3-BF4B-00C04F79EFBC}") = "IS11A03_Nhom07_QuanLySuaXe", "IS11A03_Nhom07_QuanLySuaXe\IS11A03_Nhom07_QuanLySuaXe.csproj", "{0B081894-0A61-49EB-B89B-2C4880BF002E}"
EndProject
Global
	GlobalSection(SolutionConfigurationPlatforms) = preSolution
		Debug|Any CPU = Debug|Any CPU
		Release|Any CPU = Release|Any CPU
	EndGlobalSection
	GlobalSection(ProjectConfigurationPlatforms) = postSolution
		{0B081894-0A61-49EB-B89B-2C4880BF002E}.Debug|Any CPU.ActiveCfg = Debug|Any CPU
		{0B081894-0A61-49EB-B89B-2C4880BF002E}.Debug|Any CPU.Build.0 = Debug|Any CPU
		{0B081894-0A61-49EB-B89B-2C4880BF002E}.Release|Any CPU.ActiveCfg = Release|Any CPU
		{0B081894-0A61-49EB-B89B-2C4880BF002E}.Release|Any CPU.Build.0 = Release|Any CPU
	EndGlobalSection
	GlobalSection(SolutionProperties) = preSolution
		HideSolutionNode = FALSE
	EndGlobalSection
EndGlobal
